
Microsoft Visual Studio Solution File, Format Version 12.00
# Visual Studio Version 17
VisualStudioVersion = 17.2.32526.322
MinimumVisualStudioVersion = 10.0.40219.1
Project("{FAE04EC0-301F-11D3-BF4B-00C04F79EFBC}") = "Koelkast", "Koelkast\Koelkast.csproj", "{DE267DC9-2D5D-4A6A-AE31-CF638152DA1B}"
EndProject
Global
	GlobalSection(SolutionConfigurationPlatforms) = preSolution
		Debug|Any CPU = Debug|Any CPU
		Release|Any CPU = Release|Any CPU
	EndGlobalSection
	GlobalSection(ProjectConfigurationPlatforms) = postSolution
		{DE267DC9-2D5D-4A6A-AE31-CF638152DA1B}.Debug|Any CPU.ActiveCfg = Debug|Any CPU
		{DE267DC9-2D5D-4A6A-AE31-CF638152DA1B}.Debug|Any CPU.Build.0 = Debug|Any CPU
		{DE267DC9-2D5D-4A6A-AE31-CF638152DA1B}.Release|Any CPU.ActiveCfg = Release|Any CPU
		{DE267DC9-2D5D-4A6A-AE31-CF638152DA1B}.Release|Any CPU.Build.0 = Release|Any CPU
	EndGlobalSection
	GlobalSection(SolutionProperties) = preSolution
		HideSolutionNode = FALSE
	EndGlobalSection
	GlobalSection(ExtensibilityGlobals) = postSolution
		SolutionGuid = {25E7B1D9-7983-4F56-9FBB-B2AB31377BF7}
	EndGlobalSection
EndGlobal
